
Microsoft Visual Studio Solution File, Format Version 12.00
# Visual Studio 15
VisualStudioVersion = 15.0.28307.329
MinimumVisualStudioVersion = 10.0.40219.1
Project("{FAE04EC0-301F-11D3-BF4B-00C04F79EFBC}") = "windformsapp_1", "windformsapp_1\windformsapp_1.csproj", "{C48B961C-EC57-4C53-859D-3AAB0A4B6836}"
EndProject
Global
	GlobalSection(SolutionConfigurationPlatforms) = preSolution
		Debug|Any CPU = Debug|Any CPU
		Release|Any CPU = Release|Any CPU
	EndGlobalSection
	GlobalSection(ProjectConfigurationPlatforms) = postSolution
		{C48B961C-EC57-4C53-859D-3AAB0A4B6836}.Debug|Any CPU.ActiveCfg = Debug|Any CPU
		{C48B961C-EC57-4C53-859D-3AAB0A4B6836}.Debug|Any CPU.Build.0 = Debug|Any CPU
		{C48B961C-EC57-4C53-859D-3AAB0A4B6836}.Release|Any CPU.ActiveCfg = Release|Any CPU
		{C48B961C-EC57-4C53-859D-3AAB0A4B6836}.Release|Any CPU.Build.0 = Release|Any CPU
	EndGlobalSection
	GlobalSection(SolutionProperties) = preSolution
		HideSolutionNode = FALSE
	EndGlobalSection
	GlobalSection(ExtensibilityGlobals) = postSolution
		SolutionGuid = {3D9D5267-6C4B-461C-B891-557F96A8772E}
	EndGlobalSection
EndGlobal
